// !$*UTF8*$!
{
	archiveVersion = 1;
	classes = {
	};
	objectVersion = 50;
	objects = {

/* Begin PBXBuildFile section */
		F99147E92141181800649FBE /* AppDelegate.swift in Sources */ = {isa = PBXBuildFile; fileRef = F99147E82141181800649FBE /* AppDelegate.swift */; };
		F99147EB2141181800649FBE /* ViewController.swift in Sources */ = {isa = PBXBuildFile; fileRef = F99147EA2141181800649FBE /* ViewController.swift */; };
		F99147EE2141181800649FBE /* Main.storyboard in Resources */ = {isa = PBXBuildFile; fileRef = F99147EC2141181800649FBE /* Main.storyboard */; };
		F99147F02141181900649FBE /* Assets.xcassets in Resources */ = {isa = PBXBuildFile; fileRef = F99147EF2141181900649FBE /* Assets.xcassets */; };
		F99147F32141181900649FBE /* LaunchScreen.storyboard in Resources */ = {isa = PBXBuildFile; fileRef = F99147F12141181900649FBE /* LaunchScreen.storyboard */; };
		F99147FD21411C7100649FBE /* VideoProcessor.m in Sources */ = {isa = PBXBuildFile; fileRef = F99147FC21411C7100649FBE /* VideoProcessor.m */; };
		F9914800214178A800649FBE /* CustomVideoCompositor.m in Sources */ = {isa = PBXBuildFile; fileRef = F99147FF214178A800649FBE /* CustomVideoCompositor.m */; };
/* End PBXBuildFile section */

/* Begin PBXFileReference section */
		F99147E52141181800649FBE /* VideoOverlays.app */ = {isa = PBXFileReference; explicitFileType = wrapper.application; includeInIndex = 0; path = VideoOverlays.app; sourceTree = BUILT_PRODUCTS_DIR; };
		F99147E82141181800649FBE /* AppDelegate.swift */ = {isa = PBXFileReference; lastKnownFileType = sourcecode.swift; path = AppDelegate.swift; sourceTree = "<group>"; };
		F99147EA2141181800649FBE /* ViewController.swift */ = {isa = PBXFileReference; lastKnownFileType = sourcecode.swift; path = ViewController.swift; sourceTree = "<group>"; };
		F99147ED2141181800649FBE /* Base */ = {isa = PBXFileReference; lastKnownFileType = file.storyboard; name = Base; path = Base.lproj/Main.storyboard; sourceTree = "<group>"; };
		F99147EF2141181900649FBE /* Assets.xcassets */ = {isa = PBXFileReference; lastKnownFileType = folder.assetcatalog; path = Assets.xcassets; sourceTree = "<group>"; };
		F99147F22141181900649FBE /* Base */ = {isa = PBXFileReference; lastKnownFileType = file.storyboard; name = Base; path = Base.lproj/LaunchScreen.storyboard; sourceTree = "<group>"; };
		F99147F42141181900649FBE /* Info.plist */ = {isa = PBXFileReference; lastKnownFileType = text.plist.xml; path = Info.plist; sourceTree = "<group>"; };
		F99147FA21411C7000649FBE /* VideoOverlays-Bridging-Header.h */ = {isa = PBXFileReference; lastKnownFileType = sourcecode.c.h; path = "VideoOverlays-Bridging-Header.h"; sourceTree = "<group>"; };
		F99147FB21411C7100649FBE /* VideoProcessor.h */ = {isa = PBXFileReference; lastKnownFileType = sourcecode.c.h; path = VideoProcessor.h; sourceTree = "<group>"; };
		F99147FC21411C7100649FBE /* VideoProcessor.m */ = {isa = PBXFileReference; lastKnownFileType = sourcecode.c.objc; path = VideoProcessor.m; sourceTree = "<group>"; };
		F99147FE214178A800649FBE /* CustomVideoCompositor.h */ = {isa = PBXFileReference; lastKnownFileType = sourcecode.c.h; path = CustomVideoCompositor.h; sourceTree = "<group>"; };
		F99147FF214178A800649FBE /* CustomVideoCompositor.m */ = {isa = PBXFileReference; lastKnownFileType = sourcecode.c.objc; path = CustomVideoCompositor.m; sourceTree = "<group>"; };
/* End PBXFileReference section */

/* Begin PBXFrameworksBuildPhase section */
		F99147E22141181800649FBE /* Frameworks */ = {
			isa = PBXFrameworksBuildPhase;
			buildActionMask = 2147483647;
			files = (
			);
			runOnlyForDeploymentPostprocessing = 0;
		};
/* End PBXFrameworksBuildPhase section */

/* Begin PBXGroup section */
		F99147DC2141181800649FBE = {
			isa = PBXGroup;
			children = (
				F99147E72141181800649FBE /* VideoOverlays */,
				F99147E62141181800649FBE /* Products */,
			);
			sourceTree = "<group>";
		};
		F99147E62141181800649FBE /* Products */ = {
			isa = PBXGroup;
			children = (
				F99147E52141181800649FBE /* VideoOverlays.app */,
			);
			name = Products;
			sourceTree = "<group>";
		};
		F99147E72141181800649FBE /* VideoOverlays */ = {
			isa = PBXGroup;
			children = (
				F99147E82141181800649FBE /* AppDelegate.swift */,
				F99147FB21411C7100649FBE /* VideoProcessor.h */,
				F99147FC21411C7100649FBE /* VideoProcessor.m */,
				F99147FE214178A800649FBE /* CustomVideoCompositor.h */,
				F99147FF214178A800649FBE /* CustomVideoCompositor.m */,
				F99147EA2141181800649FBE /* ViewController.swift */,
				F99147EC2141181800649FBE /* Main.storyboard */,
				F99147EF2141181900649FBE /* Assets.xcassets */,
				F99147F12141181900649FBE /* LaunchScreen.storyboard */,
				F99147F42141181900649FBE /* Info.plist */,
				F99147FA21411C7000649FBE /* VideoOverlays-Bridging-Header.h */,
			);
			path = VideoOverlays;
			sourceTree = "<group>";
		};
/* End PBXGroup section */

/* Begin PBXNativeTarget section */
		F99147E42141181800649FBE /* VideoOverlays */ = {
			isa = PBXNativeTarget;
			buildConfigurationList = F99147F72141181900649FBE /* Build configuration list for PBXNativeTarget "VideoOverlays" */;
			buildPhases = (
				F99147E12141181800649FBE /* Sources */,
				F99147E22141181800649FBE /* Frameworks */,
				F99147E32141181800649FBE /* Resources */,
			);
			buildRules = (
			);
			dependencies = (
			);
			name = VideoOverlays;
			productName = VideoOverlays;
			productReference = F99147E52141181800649FBE /* VideoOverlays.app */;
			productType = "com.apple.product-type.application";
		};
/* End PBXNativeTarget section */

/* Begin PBXProject section */
		F99147DD2141181800649FBE /* Project object */ = {
			isa = PBXProject;
			attributes = {
				LastSwiftUpdateCheck = 0940;
				LastUpgradeCheck = 0940;
				ORGANIZATIONNAME = "Muhammad Abed Ekrazek";
				TargetAttributes = {
					F99147E42141181800649FBE = {
						CreatedOnToolsVersion = 9.4.1;
						LastSwiftMigration = 0940;
					};
				};
			};
			buildConfigurationList = F99147E02141181800649FBE /* Build configuration list for PBXProject "VideoOverlays" */;
			compatibilityVersion = "Xcode 9.3";
			developmentRegion = en;
			hasScannedForEncodings = 0;
			knownRegions = (
				en,
				Base,
			);
			mainGroup = F99147DC2141181800649FBE;
			productRefGroup = F99147E62141181800649FBE /* Products */;
			projectDirPath = "";
			projectRoot = "";
			targets = (
				F99147E42141181800649FBE /* VideoOverlays */,
			);
		};
/* End PBXProject section */

/* Begin PBXResourcesBuildPhase section */
		F99147E32141181800649FBE /* Resources */ = {
			isa = PBXResourcesBuildPhase;
			buildActionMask = 2147483647;
			files = (
				F99147F32141181900649FBE /* LaunchScreen.storyboard in Resources */,
				F99147F02141181900649FBE /* Assets.xcassets in Resources */,
				F99147EE2141181800649FBE /* Main.storyboard in Resources */,
			);
			runOnlyForDeploymentPostprocessing = 0;
		};
/* End PBXResourcesBuildPhase section */

/* Begin PBXSourcesBuildPhase section */
		F99147E12141181800649FBE /* Sources */ = {
			isa = PBXSourcesBuildPhase;
			buildActionMask = 2147483647;
			files = (
				F99147EB2141181800649FBE /* ViewController.swift in Sources */,
				F99147E92141181800649FBE /* AppDelegate.swift in Sources */,
				F99147FD21411C7100649FBE /* VideoProcessor.m in Sources */,
				F9914800214178A800649FBE /* CustomVideoCompositor.m in Sources */,
			);
			runOnlyForDeploymentPostprocessing = 0;
		};
/* End PBXSourcesBuildPhase section */

/* Begin PBXVariantGroup section */
		F99147EC2141181800649FBE /* Main.storyboard */ = {
			isa = PBXVariantGroup;
			children = (
				F99147ED2141181800649FBE /* Base */,
			);
			name = Main.storyboard;
			sourceTree = "<group>";
		};
		F99147F12141181900649FBE /* LaunchScreen.storyboard */ = {
			isa = PBXVariantGroup;
			children = (
				F99147F22141181900649FBE /* Base */,
			);
			name = LaunchScreen.storyboard;
			sourceTree = "<group>";
		};
/* End PBXVariantGroup section */

/* Begin XCBuildConfiguration section */
		F99147F52141181900649FBE /* Debug */ = {
			isa = XCBuildConfiguration;
			buildSettings = {
				ALWAYS_SEARCH_USER_PATHS = NO;
				CLANG_ANALYZER_NONNULL = YES;
				CLANG_ANALYZER_NUMBER_OBJECT_CONVERSION = YES_AGGRESSIVE;
				CLANG_CXX_LANGUAGE_STANDARD = "gnu++14";
				CLANG_CXX_LIBRARY = "libc++";
				CLANG_ENABLE_MODULES = YES;
				CLANG_ENABLE_OBJC_ARC = YES;
				CLANG_ENABLE_OBJC_WEAK = YES;
				CLANG_WARN_BLOCK_CAPTURE_AUTORELEASING = YES;
				CLANG_WARN_BOOL_CONVERSION = YES;
				CLANG_WARN_COMMA = YES;
				CLANG_WARN_CONSTANT_CONVERSION = YES;
				CLANG_WARN_DEPRECATED_OBJC_IMPLEMENTATIONS = YES;
				CLANG_WARN_DIRECT_OBJC_ISA_USAGE = YES_ERROR;
				CLANG_WARN_DOCUMENTATION_COMMENTS = YES;
				CLANG_WARN_EMPTY_BODY = YES;
				CLANG_WARN_ENUM_CONVERSION = YES;
				CLANG_WARN_INFINITE_RECURSION = YES;
				CLANG_WARN_INT_CONVERSION = YES;
				CLANG_WARN_NON_LITERAL_NULL_CONVERSION = YES;
				CLANG_WARN_OBJC_IMPLICIT_RETAIN_SELF = YES;
				CLANG_WARN_OBJC_LITERAL_CONVERSION = YES;
				CLANG_WARN_OBJC_ROOT_CLASS = YES_ERROR;
				CLANG_WARN_RANGE_LOOP_ANALYSIS = YES;
				CLANG_WARN_STRICT_PROTOTYPES = YES;
				CLANG_WARN_SUSPICIOUS_MOVE = YES;
				CLANG_WARN_UNGUARDED_AVAILABILITY = YES_AGGRESSIVE;
				CLANG_WARN_UNREACHABLE_CODE = YES;
				CLANG_WARN__DUPLICATE_METHOD_MATCH = YES;
				CODE_SIGN_IDENTITY = "iPhone Developer";
				COPY_PHASE_STRIP = NO;
				DEBUG_INFORMATION_FORMAT = dwarf;
				ENABLE_STRICT_OBJC_MSGSEND = YES;
				ENABLE_TESTABILITY = YES;
				GCC_C_LANGUAGE_STANDARD = gnu11;
				GCC_DYNAMIC_NO_PIC = NO;
				GCC_NO_COMMON_BLOCKS = YES;
				GCC_OPTIMIZATION_LEVEL = 0;
				GCC_PREPROCESSOR_DEFINITIONS = (
					"DEBUG=1",
					"$(inherited)",
				);
				GCC_WARN_64_TO_32_BIT_CONVERSION = YES;
				GCC_WARN_ABOUT_RETURN_TYPE = YES_ERROR;
				GCC_WARN_UNDECLARED_SELECTOR = YES;
				GCC_WARN_UNINITIALIZED_AUTOS = YES_AGGRESSIVE;
				GCC_WARN_UNUSED_FUNCTION = YES;
				GCC_WARN_UNUSED_VARIABLE = YES;
				IPHONEOS_DEPLOYMENT_TARGET = 11.4;
				MTL_ENABLE_DEBUG_INFO = YES;
				ONLY_ACTIVE_ARCH = YES;
				SDKROOT = iphoneos;
				SWIFT_ACTIVE_COMPILATION_CONDITIONS = DEBUG;
				SWIFT_OPTIMIZATION_LEVEL = "-Onone";
			};
			name = Debug;
		};
		F99147F62141181900649FBE /* Release */ = {
			isa = XCBuildConfiguration;
			buildSettings = {
				ALWAYS_SEARCH_USER_PATHS = NO;
				CLANG_ANALYZER_NONNULL = YES;
				CLANG_ANALYZER_NUMBER_OBJECT_CONVERSION = YES_AGGRESSIVE;
				CLANG_CXX_LANGUAGE_STANDARD = "gnu++14";
				CLANG_CXX_LIBRARY = "libc++";
				CLANG_ENABLE_MODULES = YES;
				CLANG_ENABLE_OBJC_ARC = YES;
				CLANG_ENABLE_OBJC_WEAK = YES;
				CLANG_WARN_BLOCK_CAPTURE_AUTORELEASING = YES;
				CLANG_WARN_BOOL_CONVERSION = YES;
				CLANG_WARN_COMMA = YES;
				CLANG_WARN_CONSTANT_CONVERSION = YES;
				CLANG_WARN_DEPRECATED_OBJC_IMPLEMENTATIONS = YES;
				CLANG_WARN_DIRECT_OBJC_ISA_USAGE = YES_ERROR;
				CLANG_WARN_DOCUMENTATION_COMMENTS = YES;
				CLANG_WARN_EMPTY_BODY = YES;
				CLANG_WARN_ENUM_CONVERSION = YES;
				CLANG_WARN_INFINITE_RECURSION = YES;
				CLANG_WARN_INT_CONVERSION = YES;
				CLANG_WARN_NON_LITERAL_NULL_CONVERSION = YES;
				CLANG_WARN_OBJC_IMPLICIT_RETAIN_SELF = YES;
				CLANG_WARN_OBJC_LITERAL_CONVERSION = YES;
				CLANG_WARN_OBJC_ROOT_CLASS = YES_ERROR;
				CLANG_WARN_RANGE_LOOP_ANALYSIS = YES;
				CLANG_WARN_STRICT_PROTOTYPES = YES;
				CLANG_WARN_SUSPICIOUS_MOVE = YES;
				CLANG_WARN_UNGUARDED_AVAILABILITY = YES_AGGRESSIVE;
				CLANG_WARN_UNREACHABLE_CODE = YES;
				CLANG_WARN__DUPLICATE_METHOD_MATCH = YES;
				CODE_SIGN_IDENTITY = "iPhone Developer";
				COPY_PHASE_STRIP = NO;
				DEBUG_INFORMATION_FORMAT = "dwarf-with-dsym";
				ENABLE_NS_ASSERTIONS = NO;
				ENABLE_STRICT_OBJC_MSGSEND = YES;
				GCC_C_LANGUAGE_STANDARD = gnu11;
				GCC_NO_COMMON_BLOCKS = YES;
				GCC_WARN_64_TO_32_BIT_CONVERSION = YES;
				GCC_WARN_ABOUT_RETURN_TYPE = YES_ERROR;
				GCC_WARN_UNDECLARED_SELECTOR = YES;
				GCC_WARN_UNINITIALIZED_AUTOS = YES_AGGRESSIVE;
				GCC_WARN_UNUSED_FUNCTION = YES;
				GCC_WARN_UNUSED_VARIABLE = YES;
				IPHONEOS_DEPLOYMENT_TARGET = 11.4;
				MTL_ENABLE_DEBUG_INFO = NO;
				SDKROOT = iphoneos;
				SWIFT_COMPILATION_MODE = wholemodule;
				SWIFT_OPTIMIZATION_LEVEL = "-O";
				VALIDATE_PRODUCT = YES;
			};
			name = Release;
		};
		F99147F82141181900649FBE /* Debug */ = {
			isa = XCBuildConfiguration;
			buildSettings = {
				ASSETCATALOG_COMPILER_APPICON_NAME = AppIcon;
				CLANG_ENABLE_MODULES = YES;
				CODE_SIGN_STYLE = Automatic;
				DEVELOPMENT_TEAM = H294CH7FYG;
				INFOPLIST_FILE = VideoOverlays/Info.plist;
				LD_RUNPATH_SEARCH_PATHS = (
					"$(inherited)",
					"@executable_path/Frameworks",
				);
				PRODUCT_BUNDLE_IDENTIFIER = aboelbisher.VideoOverlays;
				PRODUCT_NAME = "$(TARGET_NAME)";
				SWIFT_OBJC_BRIDGING_HEADER = "VideoOverlays/VideoOverlays-Bridging-Header.h";
				SWIFT_OPTIMIZATION_LEVEL = "-Onone";
				SWIFT_VERSION = 4.0;
				TARGETED_DEVICE_FAMILY = "1,2";
			};
			name = Debug;
		};
		F99147F92141181900649FBE /* Release */ = {
			isa = XCBuildConfiguration;
			buildSettings = {
				ASSETCATALOG_COMPILER_APPICON_NAME = AppIcon;
				CLANG_ENABLE_MODULES = YES;
				CODE_SIGN_STYLE = Automatic;
				DEVELOPMENT_TEAM = H294CH7FYG;
				INFOPLIST_FILE = VideoOverlays/Info.plist;
				LD_RUNPATH_SEARCH_PATHS = (
					"$(inherited)",
					"@executable_path/Frameworks",
				);
				PRODUCT_BUNDLE_IDENTIFIER = aboelbisher.VideoOverlays;
				PRODUCT_NAME = "$(TARGET_NAME)";
				SWIFT_OBJC_BRIDGING_HEADER = "VideoOverlays/VideoOverlays-Bridging-Header.h";
				SWIFT_VERSION = 4.0;
				TARGETED_DEVICE_FAMILY = "1,2";
			};
			name = Release;
		};
/* End XCBuildConfiguration section */

/* Begin XCConfigurationList section */
		F99147E02141181800649FBE /* Build configuration list for PBXProject "VideoOverlays" */ = {
			isa = XCConfigurationList;
			buildConfigurations = (
				F99147F52141181900649FBE /* Debug */,
				F99147F62141181900649FBE /* Release */,
			);
			defaultConfigurationIsVisible = 0;
			defaultConfigurationName = Release;
		};
		F99147F72141181900649FBE /* Build configuration list for PBXNativeTarget "VideoOverlays" */ = {
			isa = XCConfigurationList;
			buildConfigurations = (
				F99147F82141181900649FBE /* Debug */,
				F99147F92141181900649FBE /* Release */,
			);
			defaultConfigurationIsVisible = 0;
			defaultConfigurationName = Release;
		};
/* End XCConfigurationList section */
	};
	rootObject = F99147DD2141181800649FBE /* Project object */;
}
